PODS:
  - CatalogByConvention (2.1.1)
  - MotionAnimator (1.1.0):
    - MotionInterchange
  - MotionInterchange (1.0.1)
  - MotionTransitioning (3.1.0)
  - MotionTransitions (1.0.0):
    - MotionAnimator
    - MotionTransitioning

DEPENDENCIES:
  - CatalogByConvention
  - MotionTransitions (from `./`)

EXTERNAL SOURCES:
  MotionTransitions:
    :path: "./"

SPEC CHECKSUMS:
  CatalogByConvention: c3a5319de04250a7cd4649127fcfca5fe3322a43
  MotionAnimator: 9d025cda7572737e5db5ca779eb28c767fe6cf45
  MotionInterchange: 7a7c355ba2ed5d36c5cf2ceb76cacd3d3680dbf5
  MotionTransitioning: 5a4188866a5b016f7181dd41c1a14f93809688ec
  MotionTransitions: f28df95c5a17c05513e2a2b9daffa0649bfb2df6

PODFILE CHECKSUM: d7d866496023cbed0b29d2df862884181684f12b

COCOAPODS: 1.2.1
