PODS:
  - CatalogByConvention (2.1.1)
  - MotionAnimator (1.1.2):
    - MotionInterchange
  - MotionInterchange (1.1.0)
  - MotionTransitioning (3.3.0)
  - MotionTransitions (1.0.0):
    - MotionAnimator
    - MotionTransitioning

DEPENDENCIES:
  - CatalogByConvention
  - MotionTransitions (from `./`)

EXTERNAL SOURCES:
  MotionTransitions:
    :path: ./

SPEC CHECKSUMS:
  CatalogByConvention: c3a5319de04250a7cd4649127fcfca5fe3322a43
  MotionAnimator: 5a1893b58fcf7a4664d81d69c9a09a0078c67e06
  MotionInterchange: b600100244df56c4f462bdacbcd11c44e6305d05
  MotionTransitioning: caaa488e0469d93f004793b96a2ed04447af808d
  MotionTransitions: f28df95c5a17c05513e2a2b9daffa0649bfb2df6

PODFILE CHECKSUM: d7d866496023cbed0b29d2df862884181684f12b

COCOAPODS: 1.3.1
